
Microsoft Visual Studio Solution File, Format Version 12.00
# Visual Studio Version 16
VisualStudioVersion = 16.0.30011.22
MinimumVisualStudioVersion = 10.0.40219.1
Project("{FAE04EC0-301F-11D3-BF4B-00C04F79EFBC}") = "University", "University\University.csproj", "{1F428FCF-1D42-414A-B331-C9C892C75186}"
EndProject
Project("{00D1A9C2-B5F0-4AF3-8072-F6C62B433612}") = "Database1", "Database1\Database1.sqlproj", "{9653D9E8-CB87-4335-8A2A-0DD13C0B62E8}"
EndProject
Global
	GlobalSection(SolutionConfigurationPlatforms) = preSolution
		Debug|Any CPU = Debug|Any CPU
		Release|Any CPU = Release|Any CPU
	EndGlobalSection
	GlobalSection(ProjectConfigurationPlatforms) = postSolution
		{1F428FCF-1D42-414A-B331-C9C892C75186}.Debug|Any CPU.ActiveCfg = Debug|Any CPU
		{1F428FCF-1D42-414A-B331-C9C892C75186}.Debug|Any CPU.Build.0 = Debug|Any CPU
		{1F428FCF-1D42-414A-B331-C9C892C75186}.Release|Any CPU.ActiveCfg = Release|Any CPU
		{1F428FCF-1D42-414A-B331-C9C892C75186}.Release|Any CPU.Build.0 = Release|Any CPU
		{9653D9E8-CB87-4335-8A2A-0DD13C0B62E8}.Debug|Any CPU.ActiveCfg = Debug|Any CPU
		{9653D9E8-CB87-4335-8A2A-0DD13C0B62E8}.Debug|Any CPU.Build.0 = Debug|Any CPU
		{9653D9E8-CB87-4335-8A2A-0DD13C0B62E8}.Debug|Any CPU.Deploy.0 = Debug|Any CPU
		{9653D9E8-CB87-4335-8A2A-0DD13C0B62E8}.Release|Any CPU.ActiveCfg = Release|Any CPU
		{9653D9E8-CB87-4335-8A2A-0DD13C0B62E8}.Release|Any CPU.Build.0 = Release|Any CPU
		{9653D9E8-CB87-4335-8A2A-0DD13C0B62E8}.Release|Any CPU.Deploy.0 = Release|Any CPU
	EndGlobalSection
	GlobalSection(SolutionProperties) = preSolution
		HideSolutionNode = FALSE
	EndGlobalSection
	GlobalSection(ExtensibilityGlobals) = postSolution
		SolutionGuid = {D4BA4483-F206-4F51-8BEF-CCBEEA635A03}
	EndGlobalSection
EndGlobal
